
Microsoft Visual Studio Solution File, Format Version 12.00
# Visual Studio Version 16
VisualStudioVersion = 16.0.29215.179
MinimumVisualStudioVersion = 10.0.40219.1
Project("{2150E333-8FDC-42A3-9474-1A3956D46DE8}") = "Application", "Application", "{1264545B-26AB-46C5-9FF5-B764765FF71C}"
EndProject
Project("{2150E333-8FDC-42A3-9474-1A3956D46DE8}") = "Domain", "Domain", "{AECFDB1B-08C9-463C-A46C-034B524B7B56}"
EndProject
Project("{2150E333-8FDC-42A3-9474-1A3956D46DE8}") = "Infra.Data", "Infra.Data", "{79537ED9-919A-4309-994E-DFF1DDD7B8AE}"
EndProject
Project("{2150E333-8FDC-42A3-9474-1A3956D46DE8}") = "Infra.IoC", "Infra.IoC", "{A9885EEB-163D-49FC-BB2C-5D56D8889704}"
EndProject
Project("{2150E333-8FDC-42A3-9474-1A3956D46DE8}") = "Presentation", "Presentation", "{92B8DD59-2084-4EAA-B707-EF65FA2D4FA7}"
EndProject
Project("{9A19103F-16F7-4668-BE54-9A1E7A4F7556}") = "CleanArchitecture.Mvc", "CleanArchitecture.Mvc\CleanArchitecture.Mvc.csproj", "{C15378A0-C64A-4259-BAF5-6A843D739DEB}"
EndProject
Project("{9A19103F-16F7-4668-BE54-9A1E7A4F7556}") = "CleanArchitecture.Domain", "CleanArchitecture.Domain\CleanArchitecture.Domain.csproj", "{BE2200A7-32CF-49E1-8A54-1967B1A4FDDE}"
EndProject
Project("{9A19103F-16F7-4668-BE54-9A1E7A4F7556}") = "CleanArchitecture.Infra.Data", "CleanArchitecture.Infra.Data\CleanArchitecture.Infra.Data.csproj", "{96B1C635-6330-4885-94DC-C2BCFA625E42}"
EndProject
Project("{9A19103F-16F7-4668-BE54-9A1E7A4F7556}") = "CleanArchitecture.Application", "CleanArchitecture.Application\CleanArchitecture.Application.csproj", "{FE6D5DFF-3F1B-4A98-87AF-ACA50957D65B}"
EndProject
Project("{9A19103F-16F7-4668-BE54-9A1E7A4F7556}") = "CleanArchitecture.Infra.IoC", "CleanArchitecture.Infra.IoC\CleanArchitecture.Infra.IoC.csproj", "{80AF2C4B-B7C6-4FBC-BCF4-2EBC9805CA19}"
EndProject
Project("{2150E333-8FDC-42A3-9474-1A3956D46DE8}") = "Infra.Bus", "Infra.Bus", "{04266CC4-EF88-48E1-99C7-3BBC77C82971}"
EndProject
Project("{2150E333-8FDC-42A3-9474-1A3956D46DE8}") = "Api", "Api", "{CD2E791A-7CFA-479A-BCEC-65B84F6FCC09}"
EndProject
Global
	GlobalSection(SolutionConfigurationPlatforms) = preSolution
		Debug|Any CPU = Debug|Any CPU
		Release|Any CPU = Release|Any CPU
	EndGlobalSection
	GlobalSection(ProjectConfigurationPlatforms) = postSolution
		{C15378A0-C64A-4259-BAF5-6A843D739DEB}.Debug|Any CPU.ActiveCfg = Debug|Any CPU
		{C15378A0-C64A-4259-BAF5-6A843D739DEB}.Debug|Any CPU.Build.0 = Debug|Any CPU
		{C15378A0-C64A-4259-BAF5-6A843D739DEB}.Release|Any CPU.ActiveCfg = Release|Any CPU
		{C15378A0-C64A-4259-BAF5-6A843D739DEB}.Release|Any CPU.Build.0 = Release|Any CPU
		{BE2200A7-32CF-49E1-8A54-1967B1A4FDDE}.Debug|Any CPU.ActiveCfg = Debug|Any CPU
		{BE2200A7-32CF-49E1-8A54-1967B1A4FDDE}.Debug|Any CPU.Build.0 = Debug|Any CPU
		{BE2200A7-32CF-49E1-8A54-1967B1A4FDDE}.Release|Any CPU.ActiveCfg = Release|Any CPU
		{BE2200A7-32CF-49E1-8A54-1967B1A4FDDE}.Release|Any CPU.Build.0 = Release|Any CPU
		{96B1C635-6330-4885-94DC-C2BCFA625E42}.Debug|Any CPU.ActiveCfg = Debug|Any CPU
		{96B1C635-6330-4885-94DC-C2BCFA625E42}.Debug|Any CPU.Build.0 = Debug|Any CPU
		{96B1C635-6330-4885-94DC-C2BCFA625E42}.Release|Any CPU.ActiveCfg = Release|Any CPU
		{96B1C635-6330-4885-94DC-C2BCFA625E42}.Release|Any CPU.Build.0 = Release|Any CPU
		{FE6D5DFF-3F1B-4A98-87AF-ACA50957D65B}.Debug|Any CPU.ActiveCfg = Debug|Any CPU
		{FE6D5DFF-3F1B-4A98-87AF-ACA50957D65B}.Debug|Any CPU.Build.0 = Debug|Any CPU
		{FE6D5DFF-3F1B-4A98-87AF-ACA50957D65B}.Release|Any CPU.ActiveCfg = Release|Any CPU
		{FE6D5DFF-3F1B-4A98-87AF-ACA50957D65B}.Release|Any CPU.Build.0 = Release|Any CPU
		{80AF2C4B-B7C6-4FBC-BCF4-2EBC9805CA19}.Debug|Any CPU.ActiveCfg = Debug|Any CPU
		{80AF2C4B-B7C6-4FBC-BCF4-2EBC9805CA19}.Debug|Any CPU.Build.0 = Debug|Any CPU
		{80AF2C4B-B7C6-4FBC-BCF4-2EBC9805CA19}.Release|Any CPU.ActiveCfg = Release|Any CPU
		{80AF2C4B-B7C6-4FBC-BCF4-2EBC9805CA19}.Release|Any CPU.Build.0 = Release|Any CPU
	EndGlobalSection
	GlobalSection(SolutionProperties) = preSolution
		HideSolutionNode = FALSE
	EndGlobalSection
	GlobalSection(NestedProjects) = preSolution
		{C15378A0-C64A-4259-BAF5-6A843D739DEB} = {92B8DD59-2084-4EAA-B707-EF65FA2D4FA7}
		{BE2200A7-32CF-49E1-8A54-1967B1A4FDDE} = {AECFDB1B-08C9-463C-A46C-034B524B7B56}
		{96B1C635-6330-4885-94DC-C2BCFA625E42} = {79537ED9-919A-4309-994E-DFF1DDD7B8AE}
		{FE6D5DFF-3F1B-4A98-87AF-ACA50957D65B} = {1264545B-26AB-46C5-9FF5-B764765FF71C}
		{80AF2C4B-B7C6-4FBC-BCF4-2EBC9805CA19} = {A9885EEB-163D-49FC-BB2C-5D56D8889704}
	EndGlobalSection
	GlobalSection(ExtensibilityGlobals) = postSolution
		SolutionGuid = {AE4F3828-544F-4047-A7B9-686C549BB771}
	EndGlobalSection
EndGlobal
